{
    "$schema": "https://schemas.cute.engineering/stable/cutekit.lockfile.v1",
    "extern": {
        "cute-engineering/ce-bootfs": {
            "commit": "cefbbceeaa8010aadf14aae2d8d90e02de8bce61",
            "git": "https://codeberg.org/cute-engineering/ce-bootfs.git",
            "tag": "v0.1.1"
        },
        "cute-engineering/ce-heap": {
            "commit": "028c6accd7b8d735e04ebd5fa340953f5957827f",
            "git": "https://codeberg.org/cute-engineering/ce-heap.git",
            "tag": "v1.2.0"
        },
        "cute-engineering/ce-libc": {
            "commit": "765180855aa5067c00b02186aa42baffe867d71b",
            "git": "https://codeberg.org/cute-engineering/ce-libc.git",
            "tag": "v1.2.0"
        },
        "cute-engineering/ce-libm": {
            "commit": "4a7457db84b24eac547cde9e234472489e5ff46f",
            "git": "https://codeberg.org/cute-engineering/ce-libm.git",
            "tag": "v1.1.0"
        },
        "cute-engineering/ce-mdi": {
            "commit": "950f40cbb8f67ec645f0d5844ee3a468b8169dce",
            "git": "https://codeberg.org/cute-engineering/ce-mdi.git",
            "tag": "v0.7.0"
        },
        "cute-engineering/ce-stdcpp": {
            "commit": "30dfe17cc6a1b319768b0ffbecb755f836e2be90",
            "git": "https://codeberg.org/cute-engineering/ce-stdcpp.git",
            "tag": "v1.5.0"
        },
        "cute-engineering/ce-targets": {
            "commit": "9c0064dc613d43c40e5f00bb972ed54977a82e00",
            "git": "https://codeberg.org/cute-engineering/ce-targets.git",
            "tag": "v0.6.0"
        },
        "skift/ambolt": {
            "commit": "5fceceb23dbad9ecb2b8aab42cefff98a7584254",
            "git": "https://codeberg.org/skift/ambolt",
            "tag": "main"
        },
        "skift/assets": {
            "commit": "d311e1f13f9d6d91fc2aa5a6c896ef6a714363e6",
            "git": "https://codeberg.org/skift/assets.git",
            "tag": "main"
        },
        "skift/hideo": {
            "commit": "d4ca6e4ddc8d69ccb2eb416d47c8115decf1c57b",
            "git": "https://codeberg.org/skift/hideo.git",
            "tag": "main"
        },
        "skift/karm": {
            "commit": "e58986e3f92e5724abe5cffeba425a297d06248e",
            "git": "https://codeberg.org/skift/karm.git",
            "tag": "main"
        },
        "skift/vaerk": {
            "commit": "763cd99dc4c2b7f878ff1376d825c85fcc3f5a09",
            "git": "https://codeberg.org/skift/vaerk",
            "tag": "main"
        }
    }
}
